<?xml version="1.0" encoding="utf-8"?>
<Project ToolsVersion="4.0" xmlns="http://schemas.microsoft.com/developer/msbuild/2003">
  <ItemGroup>
    <Filter Include="日志">
      <UniqueIdentifier>{6adbbaa5-b134-4f57-99ca-fb55c4ac0959}</UniqueIdentifier>
    </Filter>
    <Filter Include="配置文件">
      <UniqueIdentifier>{cdb6abdf-4d66-44db-b797-d7a2a8b56531}</UniqueIdentifier>
    </Filter>
    <Filter Include="缓存">
      <UniqueIdentifier>{2a9f97cc-49c1-41ba-8f89-bd50d3496ab7}</UniqueIdentifier>
    </Filter>
    <Filter Include="调试输出">
      <UniqueIdentifier>{a5402eee-b975-45b8-8321-c78529c497be}</UniqueIdentifier>
    </Filter>
    <Filter Include="主框架">
      <UniqueIdentifier>{efc3cc8a-22a2-45af-ab45-42c88ad9b54e}</UniqueIdentifier>
    </Filter>
    <Filter Include="主框架\资源文件">
      <UniqueIdentifier>{67DA6AB6-F800-4c08-8B7A-83BB121AAD01}</UniqueIdentifier>
      <Extensions>rc;ico;cur;bmp;dlg;rc2;rct;bin;rgs;gif;jpg;jpeg;jpe;resx;tiff;tif;png;wav</Extensions>
    </Filter>
    <Filter Include="日志\分布式日志">
      <UniqueIdentifier>{728bd706-46d3-497f-953e-238096d1f3e9}</UniqueIdentifier>
    </Filter>
    <Filter Include="第三方库">
      <UniqueIdentifier>{b14c22ca-8219-4ed4-92e8-8c5380482849}</UniqueIdentifier>
    </Filter>
    <Filter Include="第三方库\Botan">
      <UniqueIdentifier>{60fcfe69-33de-48c5-baeb-ff26202d91c4}</UniqueIdentifier>
    </Filter>
    <Filter Include="第三方库\Boost">
      <UniqueIdentifier>{50f2b9e1-1bfe-4b40-889f-a079864ec485}</UniqueIdentifier>
    </Filter>
    <Filter Include="第三方库\ProtoBuf">
      <UniqueIdentifier>{89aab03b-2a66-4a8d-8560-184665add038}</UniqueIdentifier>
    </Filter>
    <Filter Include="第三方库\OpenSSL">
      <UniqueIdentifier>{c4ba9902-7343-4b6e-befd-fa2f209fb4dd}</UniqueIdentifier>
    </Filter>
    <Filter Include="第三方库\CrashRpt">
      <UniqueIdentifier>{937f0f18-28ec-4457-9566-996aae0485f2}</UniqueIdentifier>
    </Filter>
    <Filter Include="第三方库\ICU">
      <UniqueIdentifier>{6bffcac7-4924-495b-88f5-72000ffad519}</UniqueIdentifier>
    </Filter>
    <Filter Include="第三方库\XML">
      <UniqueIdentifier>{f1fba50c-8f26-4aa8-ae80-929c11a4bb9c}</UniqueIdentifier>
    </Filter>
    <Filter Include="第三方库\XML\pugixml">
      <UniqueIdentifier>{519abc69-514c-4c40-b4ae-44a49e721da6}</UniqueIdentifier>
    </Filter>
    <Filter Include="第三方库\XML\RapidXML">
      <UniqueIdentifier>{732dbbb1-f9d7-4090-8fb2-32c50ae154c5}</UniqueIdentifier>
    </Filter>
    <Filter Include="配置文件\debug">
      <UniqueIdentifier>{bcda6ad1-c0aa-474b-a48d-b95620a374ec}</UniqueIdentifier>
    </Filter>
    <Filter Include="配置文件\release">
      <UniqueIdentifier>{c7023f52-cff7-4413-94a4-996cac8ab29d}</UniqueIdentifier>
    </Filter>
    <Filter Include="日志\日志消息">
      <UniqueIdentifier>{1f20a1ab-135a-4eec-894f-b78fb0f37373}</UniqueIdentifier>
    </Filter>
    <Filter Include="线程池ThreadPool">
      <UniqueIdentifier>{9dbc99d7-d101-450a-82e5-659947d5c14f}</UniqueIdentifier>
    </Filter>
    <Filter Include="内存池MemPool">
      <UniqueIdentifier>{3a6ee9fd-9068-4855-a107-5015504490fb}</UniqueIdentifier>
    </Filter>
    <Filter Include="线程安全Map">
      <UniqueIdentifier>{73fcd1e4-a0be-411b-ae01-14b1af34a303}</UniqueIdentifier>
    </Filter>
    <Filter Include="线程安全Queue">
      <UniqueIdentifier>{a50082b9-a40e-4ebe-933f-029e7461ed5b}</UniqueIdentifier>
    </Filter>
    <Filter Include="日志\过滤敏感字段">
      <UniqueIdentifier>{759ed1ed-94bb-49e3-a82f-ecff67f5b2f3}</UniqueIdentifier>
    </Filter>
    <Filter Include="日志\过滤查询功能号">
      <UniqueIdentifier>{ebb9dc6e-8be6-4da2-a5f5-87d1ed781ba4}</UniqueIdentifier>
    </Filter>
    <Filter Include="加解密">
      <UniqueIdentifier>{a922be35-7208-4d6e-a48d-d85b7d0e7665}</UniqueIdentifier>
    </Filter>
    <Filter Include="CrashDump">
      <UniqueIdentifier>{517954a3-3619-4a99-aaac-cbfd856809d0}</UniqueIdentifier>
    </Filter>
    <Filter Include="业务层">
      <UniqueIdentifier>{72295626-05d9-4950-bd20-2a53a3a60e5b}</UniqueIdentifier>
    </Filter>
    <Filter Include="第三方库\Zlib">
      <UniqueIdentifier>{ede17966-2a39-4557-8423-3f2ee643f40c}</UniqueIdentifier>
    </Filter>
    <Filter Include="网络层">
      <UniqueIdentifier>{f10e9538-27e1-4db3-af81-d86439fbc667}</UniqueIdentifier>
    </Filter>
    <Filter Include="网络层\网络消息">
      <UniqueIdentifier>{0f35af1c-396e-43f7-a3be-5a6dfd2cbe44}</UniqueIdentifier>
    </Filter>
    <Filter Include="公共类型">
      <UniqueIdentifier>{abe94155-997f-4241-b0f0-81f35a48a81b}</UniqueIdentifier>
    </Filter>
    <Filter Include="文档">
      <UniqueIdentifier>{01414a86-b515-4f95-82d9-d074a90dfd09}</UniqueIdentifier>
    </Filter>
    <Filter Include="错误信息">
      <UniqueIdentifier>{5c289177-ec8b-4508-8411-9e5b5abe3e98}</UniqueIdentifier>
    </Filter>
    <Filter Include="注册表">
      <UniqueIdentifier>{5140f9ba-0a49-496d-8c2c-5b29e7daa878}</UniqueIdentifier>
    </Filter>
    <Filter Include="内存泄漏vld">
      <UniqueIdentifier>{f2585c0a-32a4-4a51-82c2-127918099a17}</UniqueIdentifier>
    </Filter>
    <Filter Include="会话管理">
      <UniqueIdentifier>{9587df73-17e6-4f1f-8f26-3adaaa0931a0}</UniqueIdentifier>
    </Filter>
    <Filter Include="嵌入式数据库">
      <UniqueIdentifier>{11944356-1891-48bf-a5c4-5d38865efa7a}</UniqueIdentifier>
    </Filter>
    <Filter Include="安全控制">
      <UniqueIdentifier>{6720bc6f-67f6-4d93-958d-9ea76b49e154}</UniqueIdentifier>
    </Filter>
    <Filter Include="线程安全Queue\无锁队列">
      <UniqueIdentifier>{53dc434d-7573-4295-94ed-6fcaa96e4bdb}</UniqueIdentifier>
    </Filter>
    <Filter Include="网络层\网络消息\protobuf">
      <UniqueIdentifier>{dc0f81dd-291e-44f8-9a46-44c19b051098}</UniqueIdentifier>
    </Filter>
    <Filter Include="日志\文件日志">
      <UniqueIdentifier>{e5e5bfd0-3e24-4d16-a2a0-cad712087b73}</UniqueIdentifier>
    </Filter>
    <Filter Include="网络层\SSL证书">
      <UniqueIdentifier>{bf2ce67b-397e-4284-b861-cd67f3992eb8}</UniqueIdentifier>
    </Filter>
    <Filter Include="柜台连接池">
      <UniqueIdentifier>{7136fcfd-ff1c-4f68-a54b-5c73a557861b}</UniqueIdentifier>
    </Filter>
    <Filter Include="柜台连接池\配置信息">
      <UniqueIdentifier>{f90e10cc-6b49-494a-8c88-1d3bf601d067}</UniqueIdentifier>
    </Filter>
    <Filter Include="业务层\仿真柜台">
      <UniqueIdentifier>{0c5d470e-69bf-475a-8d45-bffde1689acb}</UniqueIdentifier>
    </Filter>
    <Filter Include="业务层\恒生T2">
      <UniqueIdentifier>{7c86cff7-a507-40ec-b078-f55c74d4c493}</UniqueIdentifier>
    </Filter>
    <Filter Include="业务层\恒生T2\异步">
      <UniqueIdentifier>{dd02e4d4-6220-4f5f-b408-a428b9dadafc}</UniqueIdentifier>
    </Filter>
    <Filter Include="业务层\金仕达AGC/WGX">
      <UniqueIdentifier>{1ef065c2-a8da-43d4-9e49-02c24ec2b7a7}</UniqueIdentifier>
    </Filter>
    <Filter Include="业务层\金仕达AGC/WGX\AGC配置文件">
      <UniqueIdentifier>{f2ca4b09-368b-488e-b0f1-ff7ee186ff9b}</UniqueIdentifier>
    </Filter>
    <Filter Include="业务层\金仕达AGC/WGX\AGC配置文件\debug">
      <UniqueIdentifier>{4eb5b1df-b3ac-43a1-812e-813892a92142}</UniqueIdentifier>
    </Filter>
    <Filter Include="业务层\金仕达AGC/WGX\AGC配置文件\release">
      <UniqueIdentifier>{253f4c2a-c7fd-4f0f-916b-00639a62a2bc}</UniqueIdentifier>
    </Filter>
    <Filter Include="业务层\金证windows">
      <UniqueIdentifier>{a07689f2-f438-45a4-8f73-4f0abd1f1c2b}</UniqueIdentifier>
    </Filter>
    <Filter Include="业务层\顶点">
      <UniqueIdentifier>{1bd17284-b664-4c6d-b16b-646b9c676689}</UniqueIdentifier>
    </Filter>
    <Filter Include="客户端版本管理">
      <UniqueIdentifier>{3963840a-c9ab-4f62-8cd7-3aa35c6dd03c}</UniqueIdentifier>
    </Filter>
    <Filter Include="错误信息\debug">
      <UniqueIdentifier>{266ce0e3-864a-4a9f-8212-f20f1575c3a9}</UniqueIdentifier>
    </Filter>
    <Filter Include="错误信息\release">
      <UniqueIdentifier>{43dbe72b-dbf1-477c-a6e2-661a40ce525d}</UniqueIdentifier>
    </Filter>
    <Filter Include="业务层\顶点\debug">
      <UniqueIdentifier>{6eb0285b-a633-415e-849f-7429e8411b82}</UniqueIdentifier>
    </Filter>
    <Filter Include="业务层\顶点\release">
      <UniqueIdentifier>{4d170613-2b13-4649-9a91-1cc00337443a}</UniqueIdentifier>
    </Filter>
    <Filter Include="客户端版本管理\debug">
      <UniqueIdentifier>{cec62294-577c-432b-a40c-3a609a5b4fcd}</UniqueIdentifier>
    </Filter>
    <Filter Include="客户端版本管理\release">
      <UniqueIdentifier>{82973a51-6a83-4cf5-a50a-c23a98aab8bb}</UniqueIdentifier>
    </Filter>
  </ItemGroup>
  <ItemGroup>
    <ClInclude Include="stdafx.h">
      <Filter>主框架</Filter>
    </ClInclude>
    <ClInclude Include="targetver.h">
      <Filter>主框架</Filter>
    </ClInclude>
    <ClInclude Include="business\SunGuard\sywg.h">
      <Filter>业务层\金仕达AGC/WGX</Filter>
    </ClInclude>
    <ClInclude Include="log\mq\LogConnect.h">
      <Filter>日志\分布式日志</Filter>
    </ClInclude>
    <ClInclude Include="log\mq\LogConnectPool.h">
      <Filter>日志\分布式日志</Filter>
    </ClInclude>
    <ClInclude Include="log\DistributedLogManager.h">
      <Filter>日志\分布式日志</Filter>
    </ClInclude>
    <ClInclude Include="log\tradelog.pb.h">
      <Filter>日志\日志消息</Filter>
    </ClInclude>
    <ClInclude Include="network\ssl\pkgheader.pb.h">
      <Filter>网络层\网络消息\protobuf</Filter>
    </ClInclude>
    <ClInclude Include="business\SunGuard\AGC.h">
      <Filter>业务层\金仕达AGC/WGX</Filter>
    </ClInclude>
    <ClInclude Include="agc_encrypt.h">
      <Filter>业务层\金仕达AGC/WGX</Filter>
    </ClInclude>
    <ClInclude Include="business\hundsun_t2\t2sdk_interface.h">
      <Filter>业务层\恒生T2</Filter>
    </ClInclude>
    <ClInclude Include="include\MiniDump.h">
      <Filter>CrashDump</Filter>
    </ClInclude>
    <ClInclude Include="include\XML\pugiconfig.hpp">
      <Filter>第三方库\XML\pugixml</Filter>
    </ClInclude>
    <ClInclude Include="include\XML\pugixml.hpp">
      <Filter>第三方库\XML\pugixml</Filter>
    </ClInclude>
    <ClInclude Include="include\XML\rapidxml_utils.hpp">
      <Filter>第三方库\XML\RapidXML</Filter>
    </ClInclude>
    <ClInclude Include="include\XML\rapidxml_print.hpp">
      <Filter>第三方库\XML\RapidXML</Filter>
    </ClInclude>
    <ClInclude Include="include\XML\rapidxml_iterators.hpp">
      <Filter>第三方库\XML\RapidXML</Filter>
    </ClInclude>
    <ClInclude Include="include\XML\rapidxml.hpp">
      <Filter>第三方库\XML\RapidXML</Filter>
    </ClInclude>
    <ClInclude Include="include\ConnectT2.h">
      <Filter>业务层\恒生T2\异步</Filter>
    </ClInclude>
    <ClInclude Include="include\TradeGatewayGtja.h">
      <Filter>主框架</Filter>
    </ClInclude>
    <ClInclude Include="include\TradeGatewayGtjaDlg.h">
      <Filter>主框架</Filter>
    </ClInclude>
    <ClInclude Include="include\common.h">
      <Filter>公共类型</Filter>
    </ClInclude>
    <ClInclude Include="resource.h">
      <Filter>主框架</Filter>
    </ClInclude>
    <ClInclude Include="include\CallbackImpl.h">
      <Filter>业务层\恒生T2\异步</Filter>
    </ClInclude>
    <ClInclude Include="include\TradeServer.h">
      <Filter>业务层</Filter>
    </ClInclude>
    <ClInclude Include="include\MyBotan.h">
      <Filter>加解密</Filter>
    </ClInclude>
    <ClInclude Include="include\IMessage.h">
      <Filter>网络层\网络消息</Filter>
    </ClInclude>
    <ClInclude Include="include\errcode.h">
      <Filter>错误信息</Filter>
    </ClInclude>
    <ClInclude Include="include\QueueThreadSafe.h">
      <Filter>线程安全Queue</Filter>
    </ClInclude>
    <ClInclude Include="include\WorkerThreadPool.h">
      <Filter>线程池ThreadPool</Filter>
    </ClInclude>
    <ClInclude Include="include\TradeBusinessJZ.h">
      <Filter>业务层\金证windows</Filter>
    </ClInclude>
    <ClInclude Include="include\DingDian.h">
      <Filter>业务层\顶点</Filter>
    </ClInclude>
    <ClInclude Include="include\TradeBusinessJSD.h">
      <Filter>业务层\金仕达AGC/WGX</Filter>
    </ClInclude>
    <ClInclude Include="include\TradeBusinessDD.h">
      <Filter>业务层\顶点</Filter>
    </ClInclude>
    <ClInclude Include="StatusData.h">
      <Filter>会话管理</Filter>
    </ClInclude>
    <ClInclude Include="AboutDlg.h">
      <Filter>主框架</Filter>
    </ClInclude>
    <ClInclude Include="include\SslMessagePB.h">
      <Filter>网络层\网络消息</Filter>
    </ClInclude>
    <ClInclude Include="include\TcpMessageOld.h">
      <Filter>网络层\网络消息</Filter>
    </ClInclude>
    <ClInclude Include="include\CustomMessage.h">
      <Filter>网络层\网络消息</Filter>
    </ClInclude>
    <ClInclude Include="include\MsgHeader.h">
      <Filter>网络层\网络消息</Filter>
    </ClInclude>
    <ClInclude Include="include\FileLog.h">
      <Filter>调试输出</Filter>
    </ClInclude>
    <ClInclude Include="include\TradeBusinessTest.h">
      <Filter>业务层\仿真柜台</Filter>
    </ClInclude>
    <ClInclude Include="include\IOServicePool.h">
      <Filter>网络层</Filter>
    </ClInclude>
    <ClInclude Include="include\SSLServer.h">
      <Filter>网络层</Filter>
    </ClInclude>
    <ClInclude Include="include\TcpServer.h">
      <Filter>网络层</Filter>
    </ClInclude>
    <ClInclude Include="include\ISession.h">
      <Filter>网络层</Filter>
    </ClInclude>
    <ClInclude Include="include\SSLSession.h">
      <Filter>网络层</Filter>
    </ClInclude>
    <ClInclude Include="include\TcpSession.h">
      <Filter>网络层</Filter>
    </ClInclude>
    <ClInclude Include="include\ConnectManager.h">
      <Filter>柜台连接池</Filter>
    </ClInclude>
    <ClInclude Include="include\Branch.h">
      <Filter>柜台连接池\配置信息</Filter>
    </ClInclude>
    <ClInclude Include="include\BusinessSystem.h">
      <Filter>柜台连接池\配置信息</Filter>
    </ClInclude>
    <ClInclude Include="include\BusinessType.h">
      <Filter>柜台连接池\配置信息</Filter>
    </ClInclude>
    <ClInclude Include="include\Counter.h">
      <Filter>柜台连接池\配置信息</Filter>
    </ClInclude>
    <ClInclude Include="MapThreadSafe.h">
      <Filter>线程安全Map</Filter>
    </ClInclude>
    <ClInclude Include="include\ConfigManager.h">
      <Filter>配置文件</Filter>
    </ClInclude>
    <ClInclude Include="include\IBusiness.h">
      <Filter>业务层</Filter>
    </ClInclude>
    <ClInclude Include="include\FileLogManager.h">
      <Filter>日志\文件日志</Filter>
    </ClInclude>
    <ClInclude Include="include\ConnectPool.h">
      <Filter>柜台连接池</Filter>
    </ClInclude>
    <ClInclude Include="include\dogskin.h">
      <Filter>业务层\金证windows</Filter>
    </ClInclude>
    <ClInclude Include="include\TradeBusinessHS.h">
      <Filter>业务层\恒生T2</Filter>
    </ClInclude>
    <ClInclude Include="include\CacheData.h">
      <Filter>缓存</Filter>
    </ClInclude>
    <ClInclude Include="include\VersionControl.h">
      <Filter>客户端版本管理</Filter>
    </ClInclude>
  </ItemGroup>
  <ItemGroup>
    <ClCompile Include="stdafx.cpp">
      <Filter>主框架</Filter>
    </ClCompile>
    <ClCompile Include="TradeGatewayGtja.cpp">
      <Filter>主框架</Filter>
    </ClCompile>
    <ClCompile Include="TradeGatewayGtjaDlg.cpp">
      <Filter>主框架</Filter>
    </ClCompile>
    <ClCompile Include="cache\CacheData.cpp">
      <Filter>缓存</Filter>
    </ClCompile>
    <ClCompile Include="encrypt\MyBotan.cpp">
      <Filter>加解密</Filter>
    </ClCompile>
    <ClCompile Include="encrypt\testbotan.cpp">
      <Filter>加解密</Filter>
    </ClCompile>
    <ClCompile Include="output\FileLog.cpp">
      <Filter>调试输出</Filter>
    </ClCompile>
    <ClCompile Include="ConnectPool\ConnectManager.cpp">
      <Filter>柜台连接池</Filter>
    </ClCompile>
    <ClCompile Include="config\ConfigManager.cpp">
      <Filter>配置文件</Filter>
    </ClCompile>
    <ClCompile Include="network\IMessage.cpp">
      <Filter>网络层\网络消息</Filter>
    </ClCompile>
    <ClCompile Include="log\FileLogManager.cpp">
      <Filter>日志\文件日志</Filter>
    </ClCompile>
    <ClCompile Include="log\mq\LogConnect.cpp">
      <Filter>日志\分布式日志</Filter>
    </ClCompile>
    <ClCompile Include="log\mq\LogConnectPool.cpp">
      <Filter>日志\分布式日志</Filter>
    </ClCompile>
    <ClCompile Include="log\DistributedLogManager.cpp">
      <Filter>日志\分布式日志</Filter>
    </ClCompile>
    <ClCompile Include="log\tradelog.pb.cc">
      <Filter>日志\日志消息</Filter>
    </ClCompile>
    <ClCompile Include="network\ssl\pkgheader.pb.cc">
      <Filter>网络层\网络消息\protobuf</Filter>
    </ClCompile>
    <ClCompile Include="network\ssl_tcp\TradeServer.cpp">
      <Filter>业务层</Filter>
    </ClCompile>
    <ClCompile Include="business\SunGuard\AGC.cpp">
      <Filter>业务层\金仕达AGC/WGX</Filter>
    </ClCompile>
    <ClCompile Include="business\SunGuard\Des.cpp">
      <Filter>业务层\金仕达AGC/WGX</Filter>
    </ClCompile>
    <ClCompile Include="business\SunGuard\Crc.cpp">
      <Filter>业务层\金仕达AGC/WGX</Filter>
    </ClCompile>
    <ClCompile Include="business\apexsoft\DingDian.cpp">
      <Filter>业务层\顶点</Filter>
    </ClCompile>
    <ClCompile Include="business\hundsun_t2\CallbackImpl.cpp">
      <Filter>业务层\恒生T2\异步</Filter>
    </ClCompile>
    <ClCompile Include="business\hundsun_t2\ConnectT2.cpp">
      <Filter>业务层\恒生T2\异步</Filter>
    </ClCompile>
    <ClCompile Include="src\MiniDump.cpp">
      <Filter>CrashDump</Filter>
    </ClCompile>
    <ClCompile Include="src\import_lib.cpp">
      <Filter>第三方库</Filter>
    </ClCompile>
    <ClCompile Include="include\XML\pugixml.cpp">
      <Filter>第三方库\XML\pugixml</Filter>
    </ClCompile>
    <ClCompile Include="business\szkingdom_win\TradeBusinessJZ.cpp">
      <Filter>业务层\金证windows</Filter>
    </ClCompile>
    <ClCompile Include="business\SunGuard\TradeBusinessJSD.cpp">
      <Filter>业务层\金仕达AGC/WGX</Filter>
    </ClCompile>
    <ClCompile Include="business\apexsoft\TradeBusinessDD.cpp">
      <Filter>业务层\顶点</Filter>
    </ClCompile>
    <ClCompile Include="StatusData.cpp">
      <Filter>会话管理</Filter>
    </ClCompile>
    <ClCompile Include="AboutDlg.cpp">
      <Filter>主框架</Filter>
    </ClCompile>
    <ClCompile Include="network\ssl_tcp\CustomMessage.cpp">
      <Filter>网络层\网络消息</Filter>
    </ClCompile>
    <ClCompile Include="business\xinyi\TradeBusinessTest.cpp">
      <Filter>业务层\仿真柜台</Filter>
    </ClCompile>
    <ClCompile Include="network\ssl_tcp\SSLServer.cpp">
      <Filter>网络层</Filter>
    </ClCompile>
    <ClCompile Include="network\ssl_tcp\TcpServer.cpp">
      <Filter>网络层</Filter>
    </ClCompile>
    <ClCompile Include="network\ISession.cpp">
      <Filter>网络层</Filter>
    </ClCompile>
    <ClCompile Include="network\ssl_tcp\SSLSession.cpp">
      <Filter>网络层</Filter>
    </ClCompile>
    <ClCompile Include="network\ssl_tcp\TcpSession.cpp">
      <Filter>网络层</Filter>
    </ClCompile>
    <ClCompile Include="ConnectPool\Branch.cpp">
      <Filter>柜台连接池\配置信息</Filter>
    </ClCompile>
    <ClCompile Include="ConnectPool\BusinessSystem.cpp">
      <Filter>柜台连接池\配置信息</Filter>
    </ClCompile>
    <ClCompile Include="ConnectPool\BusinessType.cpp">
      <Filter>柜台连接池\配置信息</Filter>
    </ClCompile>
    <ClCompile Include="ConnectPool\Counter.cpp">
      <Filter>柜台连接池\配置信息</Filter>
    </ClCompile>
    <ClCompile Include="MapThreadSafe.cpp">
      <Filter>线程安全Map</Filter>
    </ClCompile>
    <ClCompile Include="business\IBusiness.cpp">
      <Filter>业务层</Filter>
    </ClCompile>
    <ClCompile Include="ConnectPool\ConnectPool.cpp">
      <Filter>柜台连接池</Filter>
    </ClCompile>
    <ClCompile Include="business\szkingdom_win\dogskin.cpp">
      <Filter>业务层\金证windows</Filter>
    </ClCompile>
    <ClCompile Include="business\hundsun_t2\TradeBusinessHS.cpp">
      <Filter>业务层\恒生T2</Filter>
    </ClCompile>
    <ClCompile Include="VersionControl.cpp">
      <Filter>客户端版本管理</Filter>
    </ClCompile>
  </ItemGroup>
  <ItemGroup>
    <Image Include="res\TradeGatewayGtja.ico">
      <Filter>主框架\资源文件</Filter>
    </Image>
  </ItemGroup>
  <ItemGroup>
    <ResourceCompile Include="TradeGatewayGtja.rc">
      <Filter>主框架\资源文件</Filter>
    </ResourceCompile>
  </ItemGroup>
  <ItemGroup>
    <None Include="res\TradeGatewayGtja.rc2">
      <Filter>主框架\资源文件</Filter>
    </None>
    <None Include="bin\ca.crt">
      <Filter>网络层\SSL证书</Filter>
    </None>
    <None Include="bin\client.crt">
      <Filter>网络层\SSL证书</Filter>
    </None>
    <None Include="bin\clientkey.pem">
      <Filter>网络层\SSL证书</Filter>
    </None>
    <None Include="bin\server.crt">
      <Filter>网络层\SSL证书</Filter>
    </None>
    <None Include="bin\serverkey.pem">
      <Filter>网络层\SSL证书</Filter>
    </None>
    <None Include="log\tradelog.bat">
      <Filter>日志\日志消息</Filter>
    </None>
    <None Include="log\tradelog.proto">
      <Filter>日志\日志消息</Filter>
    </None>
    <None Include="network\ssl\pkgheader.proto">
      <Filter>网络层\网络消息\protobuf</Filter>
    </None>
    <None Include="network\ssl\proto2cpp.bat">
      <Filter>网络层\网络消息\protobuf</Filter>
    </None>
    <None Include="文档\系统设计文档\恒生T2异步模式.vsdx">
      <Filter>文档</Filter>
    </None>
    <None Include="文档\系统设计文档\连接池.vsdx">
      <Filter>文档</Filter>
    </None>
    <None Include="文档\系统设计文档\日志功能.vsdx">
      <Filter>文档</Filter>
    </None>
    <None Include="文档\系统设计文档\软件架构.vsdx">
      <Filter>文档</Filter>
    </None>
    <None Include="文档\系统设计文档\系统架构.vsdx">
      <Filter>文档</Filter>
    </None>
    <None Include="文档\系统设计文档\业务时序图.vsdx">
      <Filter>文档</Filter>
    </None>
    <None Include="bin_release\wer.reg">
      <Filter>注册表</Filter>
    </None>
    <None Include="文档\交易系统说明.docx">
      <Filter>文档</Filter>
    </None>
    <None Include="bin_release\apex_tradeparam.map">
      <Filter>业务层\顶点\release</Filter>
    </None>
    <None Include="bin_debug\apex_tradeparam.map">
      <Filter>业务层\顶点\debug</Filter>
    </None>
    <None Include="bin_release\t2sdk.ini">
      <Filter>配置文件\release</Filter>
    </None>
  </ItemGroup>
  <ItemGroup>
    <Xml Include="bin_release\tradegateway.xml">
      <Filter>配置文件\release</Filter>
    </Xml>
    <Xml Include="bin_debug\tradegateway.xml">
      <Filter>配置文件\debug</Filter>
    </Xml>
    <Xml Include="bin_debug\agc.xml">
      <Filter>业务层\金仕达AGC/WGX\AGC配置文件\debug</Filter>
    </Xml>
    <Xml Include="bin_release\agc.xml">
      <Filter>业务层\金仕达AGC/WGX\AGC配置文件\release</Filter>
    </Xml>
    <Xml Include="bin_release\sywg.xml">
      <Filter>配置文件\release</Filter>
    </Xml>
    <Xml Include="bin_release\gtja.xml">
      <Filter>配置文件\release</Filter>
    </Xml>
    <Xml Include="bin_release\njzq.xml">
      <Filter>配置文件\release</Filter>
    </Xml>
    <Xml Include="bin_debug\sywg.xml">
      <Filter>配置文件\debug</Filter>
    </Xml>
    <Xml Include="bin_debug\njzq.xml">
      <Filter>配置文件\debug</Filter>
    </Xml>
    <Xml Include="bin_debug\gtja.xml">
      <Filter>配置文件\debug</Filter>
    </Xml>
    <Xml Include="bin_debug\test.xml">
      <Filter>配置文件\debug</Filter>
    </Xml>
    <Xml Include="bin_debug\FilterField_DD.xml">
      <Filter>日志\过滤敏感字段</Filter>
    </Xml>
    <Xml Include="bin_debug\FilterField_HS.xml">
      <Filter>日志\过滤敏感字段</Filter>
    </Xml>
    <Xml Include="bin_debug\FilterField_JSD.xml">
      <Filter>日志\过滤敏感字段</Filter>
    </Xml>
    <Xml Include="bin_debug\FilterField_JZ.xml">
      <Filter>日志\过滤敏感字段</Filter>
    </Xml>
    <Xml Include="bin_debug\FilterField_Test.xml">
      <Filter>日志\过滤敏感字段</Filter>
    </Xml>
    <Xml Include="bin_debug\FilterFunc_DD.xml">
      <Filter>日志\过滤查询功能号</Filter>
    </Xml>
    <Xml Include="bin_debug\FilterFunc_HS.xml">
      <Filter>日志\过滤查询功能号</Filter>
    </Xml>
    <Xml Include="bin_debug\FilterFunc_JZ.xml">
      <Filter>日志\过滤查询功能号</Filter>
    </Xml>
    <Xml Include="bin_debug\FilterFunc_JSD.xml">
      <Filter>日志\过滤查询功能号</Filter>
    </Xml>
    <Xml Include="bin_debug\FilterFunc_Test.xml">
      <Filter>日志\过滤查询功能号</Filter>
    </Xml>
    <Xml Include="bin_release\test.xml">
      <Filter>配置文件\release</Filter>
    </Xml>
    <Xml Include="bin_release\error.xml">
      <Filter>错误信息\release</Filter>
    </Xml>
    <Xml Include="bin_debug\error.xml">
      <Filter>错误信息\debug</Filter>
    </Xml>
    <Xml Include="bin_release\apex_OutputDomain.xml">
      <Filter>业务层\顶点\release</Filter>
    </Xml>
    <Xml Include="bin_debug\apex_OutputDomain.xml">
      <Filter>业务层\顶点\debug</Filter>
    </Xml>
  </ItemGroup>
  <ItemGroup>
    <Text Include="lib\ICU\icu.txt">
      <Filter>第三方库\ICU</Filter>
    </Text>
    <Text Include="lib\Botan\botan.txt">
      <Filter>第三方库\Botan</Filter>
    </Text>
    <Text Include="lib\CrashRpt\CrashRpt.txt">
      <Filter>第三方库\CrashRpt</Filter>
    </Text>
    <Text Include="lib\Boost\Boost.txt">
      <Filter>第三方库\Boost</Filter>
    </Text>
    <Text Include="lib\OpenSSL\OpenSSL.txt">
      <Filter>第三方库\OpenSSL</Filter>
    </Text>
    <Text Include="lib\ProtoBuf\ProtoBuf.txt">
      <Filter>第三方库\ProtoBuf</Filter>
    </Text>
    <Text Include="sywg代码备份.txt">
      <Filter>业务层\金仕达AGC/WGX</Filter>
    </Text>
    <Text Include="bin_release\ChangeLog.txt">
      <Filter>配置文件\release</Filter>
    </Text>
    <Text Include="bin_release\versionandroid.txt">
      <Filter>客户端版本管理\release</Filter>
    </Text>
    <Text Include="bin_debug\versionandroid.txt">
      <Filter>客户端版本管理\debug</Filter>
    </Text>
  </ItemGroup>
</Project>